
Microsoft Visual Studio Solution File, Format Version 12.00
# Visual Studio Version 16
VisualStudioVersion = 16.0.31025.194
MinimumVisualStudioVersion = 10.0.40219.1
Project("{FAE04EC0-301F-11D3-BF4B-00C04F79EFBC}") = "ConsoleApp1", "ConsoleApp1\ConsoleApp1.csproj", "{EC108C40-BDA7-44E5-818C-03A112DA731C}"
EndProject
Global
	GlobalSection(SolutionConfigurationPlatforms) = preSolution
		Debug|Any CPU = Debug|Any CPU
		Release|Any CPU = Release|Any CPU
	EndGlobalSection
	GlobalSection(ProjectConfigurationPlatforms) = postSolution
		{EC108C40-BDA7-44E5-818C-03A112DA731C}.Debug|Any CPU.ActiveCfg = Debug|Any CPU
		{EC108C40-BDA7-44E5-818C-03A112DA731C}.Debug|Any CPU.Build.0 = Debug|Any CPU
		{EC108C40-BDA7-44E5-818C-03A112DA731C}.Release|Any CPU.ActiveCfg = Release|Any CPU
		{EC108C40-BDA7-44E5-818C-03A112DA731C}.Release|Any CPU.Build.0 = Release|Any CPU
	EndGlobalSection
	GlobalSection(SolutionProperties) = preSolution
		HideSolutionNode = FALSE
	EndGlobalSection
	GlobalSection(ExtensibilityGlobals) = postSolution
		SolutionGuid = {1A6E619B-16EA-4D06-921F-8A73BC7F40B2}
	EndGlobalSection
EndGlobal
